
Microsoft Visual Studio Solution File, Format Version 11.00
# Visual Studio 2010
Project("{FAE04EC0-301F-11D3-BF4B-00C04F79EFBC}") = "Daphne", "Daphne\Daphne.csproj", "{B88B4859-8E76-41ED-AA84-6B48A90EA338}"
	ProjectSection(ProjectDependencies) = postProject
		{621278E2-936D-4F67-B2B2-B4E2705DE5BA} = {621278E2-936D-4F67-B2B2-B4E2705DE5BA}
		{858658F6-6BD4-4009-A49D-AB893B266755} = {858658F6-6BD4-4009-A49D-AB893B266755}
	EndProjectSection
EndProject
Project("{FAE04EC0-301F-11D3-BF4B-00C04F79EFBC}") = "Interface", "Interface\Interface.csproj", "{858658F6-6BD4-4009-A49D-AB893B266755}"
EndProject
Project("{FAE04EC0-301F-11D3-BF4B-00C04F79EFBC}") = "ManifoldRing", "ManifoldRing\ManifoldRing.csproj", "{621278E2-936D-4F67-B2B2-B4E2705DE5BA}"
EndProject
Project("{FAE04EC0-301F-11D3-BF4B-00C04F79EFBC}") = "DaphneGui", "DaphneGui\DaphneGui.csproj", "{93211B2D-B05D-4B80-8552-E882D2273DC0}"
	ProjectSection(ProjectDependencies) = postProject
		{B88B4859-8E76-41ED-AA84-6B48A90EA338} = {B88B4859-8E76-41ED-AA84-6B48A90EA338}
		{A21BE364-49F3-45E4-AF72-E6E2EEBCCA9B} = {A21BE364-49F3-45E4-AF72-E6E2EEBCCA9B}
		{A9C8E1DF-6FFC-49DA-BAA5-B615C63A4813} = {A9C8E1DF-6FFC-49DA-BAA5-B615C63A4813}
		{621278E2-936D-4F67-B2B2-B4E2705DE5BA} = {621278E2-936D-4F67-B2B2-B4E2705DE5BA}
		{858658F6-6BD4-4009-A49D-AB893B266755} = {858658F6-6BD4-4009-A49D-AB893B266755}
	EndProjectSection
EndProject
Project("{FAE04EC0-301F-11D3-BF4B-00C04F79EFBC}") = "SBMLayer", "SBMLayer\SBMLayer.csproj", "{A21BE364-49F3-45E4-AF72-E6E2EEBCCA9B}"
	ProjectSection(ProjectDependencies) = postProject
		{B88B4859-8E76-41ED-AA84-6B48A90EA338} = {B88B4859-8E76-41ED-AA84-6B48A90EA338}
	EndProjectSection
EndProject
Project("{FAE04EC0-301F-11D3-BF4B-00C04F79EFBC}") = "DaphneUserControlLib", "DaphneUserControlLib\DaphneUserControlLib.csproj", "{A9C8E1DF-6FFC-49DA-BAA5-B615C63A4813}"
EndProject
Project("{54435603-DBB4-11D2-8724-00A0C9A8B90C}") = "DaphneInstall", "DaphneInstall\DaphneInstall.vdproj", "{10B2BDAF-B87B-43B7-9C76-8037044BC803}"
	ProjectSection(ProjectDependencies) = postProject
		{B88B4859-8E76-41ED-AA84-6B48A90EA338} = {B88B4859-8E76-41ED-AA84-6B48A90EA338}
		{A21BE364-49F3-45E4-AF72-E6E2EEBCCA9B} = {A21BE364-49F3-45E4-AF72-E6E2EEBCCA9B}
		{A9C8E1DF-6FFC-49DA-BAA5-B615C63A4813} = {A9C8E1DF-6FFC-49DA-BAA5-B615C63A4813}
		{621278E2-936D-4F67-B2B2-B4E2705DE5BA} = {621278E2-936D-4F67-B2B2-B4E2705DE5BA}
		{858658F6-6BD4-4009-A49D-AB893B266755} = {858658F6-6BD4-4009-A49D-AB893B266755}
	EndProjectSection
EndProject
Project("{54435603-DBB4-11D2-8724-00A0C9A8B90C}") = "DaphneInstallMac", "DaphneInstallMac\DaphneInstallMac.vdproj", "{6A4E27AA-8D03-4959-A968-6440CDCABF5B}"
EndProject
Global
	GlobalSection(TeamFoundationVersionControl) = preSolution
		SccNumberOfProjects = 8
		SccEnterpriseProvider = {4CA58AB2-18FA-4F8D-95D4-32DDF27D184C}
		SccTeamFoundationServer = http://tfs.bumc.bu.edu:8080/tfs/bu-micro-msi
		SccLocalPath0 = .
		SccProjectUniqueName1 = Daphne\\Daphne.csproj
		SccProjectName1 = Daphne
		SccLocalPath1 = Daphne
		SccProjectUniqueName2 = Interface\\Interface.csproj
		SccProjectName2 = Interface
		SccLocalPath2 = Interface
		SccProjectUniqueName3 = ManifoldRing\\ManifoldRing.csproj
		SccProjectName3 = ManifoldRing
		SccLocalPath3 = ManifoldRing
		SccProjectUniqueName4 = DaphneGui\\DaphneGui.csproj
		SccProjectName4 = DaphneGui
		SccLocalPath4 = DaphneGui
		SccProjectUniqueName5 = SBMLayer\\SBMLayer.csproj
		SccProjectName5 = SBMLayer
		SccLocalPath5 = SBMLayer
		SccProjectUniqueName6 = DaphneInstall\\DaphneInstall.vdproj
		SccProjectName6 = DaphneInstall
		SccLocalPath6 = DaphneInstall
		SccProjectUniqueName7 = DaphneUserControlLib\\DaphneUserControlLib.csproj
		SccProjectName7 = DaphneUserControlLib
		SccLocalPath7 = DaphneUserControlLib
	EndGlobalSection
	GlobalSection(SolutionConfigurationPlatforms) = preSolution
		Debug|Any CPU = Debug|Any CPU
		Debug|Mixed Platforms = Debug|Mixed Platforms
		Debug|x64 = Debug|x64
		Debug|x86 = Debug|x86
		Release|Any CPU = Release|Any CPU
		Release|Mixed Platforms = Release|Mixed Platforms
		Release|x64 = Release|x64
		Release|x86 = Release|x86
	EndGlobalSection
	GlobalSection(ProjectConfigurationPlatforms) = postSolution
		{B88B4859-8E76-41ED-AA84-6B48A90EA338}.Debug|Any CPU.ActiveCfg = Debug|Any CPU
		{B88B4859-8E76-41ED-AA84-6B48A90EA338}.Debug|Any CPU.Build.0 = Debug|Any CPU
		{B88B4859-8E76-41ED-AA84-6B48A90EA338}.Debug|Mixed Platforms.ActiveCfg = Debug|x64
		{B88B4859-8E76-41ED-AA84-6B48A90EA338}.Debug|Mixed Platforms.Build.0 = Debug|x64
		{B88B4859-8E76-41ED-AA84-6B48A90EA338}.Debug|x64.ActiveCfg = Debug|x64
		{B88B4859-8E76-41ED-AA84-6B48A90EA338}.Debug|x64.Build.0 = Debug|x64
		{B88B4859-8E76-41ED-AA84-6B48A90EA338}.Debug|x86.ActiveCfg = Debug|x64
		{B88B4859-8E76-41ED-AA84-6B48A90EA338}.Debug|x86.Build.0 = Debug|x64
		{B88B4859-8E76-41ED-AA84-6B48A90EA338}.Release|Any CPU.ActiveCfg = Release|Any CPU
		{B88B4859-8E76-41ED-AA84-6B48A90EA338}.Release|Any CPU.Build.0 = Release|Any CPU
		{B88B4859-8E76-41ED-AA84-6B48A90EA338}.Release|Mixed Platforms.ActiveCfg = Release|x64
		{B88B4859-8E76-41ED-AA84-6B48A90EA338}.Release|Mixed Platforms.Build.0 = Release|x64
		{B88B4859-8E76-41ED-AA84-6B48A90EA338}.Release|x64.ActiveCfg = Release|x64
		{B88B4859-8E76-41ED-AA84-6B48A90EA338}.Release|x64.Build.0 = Release|x64
		{B88B4859-8E76-41ED-AA84-6B48A90EA338}.Release|x86.ActiveCfg = Release|x64
		{B88B4859-8E76-41ED-AA84-6B48A90EA338}.Release|x86.Build.0 = Release|x64
		{858658F6-6BD4-4009-A49D-AB893B266755}.Debug|Any CPU.ActiveCfg = Debug|x86
		{858658F6-6BD4-4009-A49D-AB893B266755}.Debug|Mixed Platforms.ActiveCfg = Debug|x64
		{858658F6-6BD4-4009-A49D-AB893B266755}.Debug|Mixed Platforms.Build.0 = Debug|x64
		{858658F6-6BD4-4009-A49D-AB893B266755}.Debug|x64.ActiveCfg = Debug|x64
		{858658F6-6BD4-4009-A49D-AB893B266755}.Debug|x86.ActiveCfg = Debug|x64
		{858658F6-6BD4-4009-A49D-AB893B266755}.Debug|x86.Build.0 = Debug|x64
		{858658F6-6BD4-4009-A49D-AB893B266755}.Release|Any CPU.ActiveCfg = Release|x86
		{858658F6-6BD4-4009-A49D-AB893B266755}.Release|Mixed Platforms.ActiveCfg = Release|x64
		{858658F6-6BD4-4009-A49D-AB893B266755}.Release|Mixed Platforms.Build.0 = Release|x64
		{858658F6-6BD4-4009-A49D-AB893B266755}.Release|x64.ActiveCfg = Release|x64
		{858658F6-6BD4-4009-A49D-AB893B266755}.Release|x64.Build.0 = Release|x64
		{858658F6-6BD4-4009-A49D-AB893B266755}.Release|x86.ActiveCfg = Release|x86
		{858658F6-6BD4-4009-A49D-AB893B266755}.Release|x86.Build.0 = Release|x86
		{621278E2-936D-4F67-B2B2-B4E2705DE5BA}.Debug|Any CPU.ActiveCfg = Debug|Any CPU
		{621278E2-936D-4F67-B2B2-B4E2705DE5BA}.Debug|Any CPU.Build.0 = Debug|Any CPU
		{621278E2-936D-4F67-B2B2-B4E2705DE5BA}.Debug|Mixed Platforms.ActiveCfg = Debug|x64
		{621278E2-936D-4F67-B2B2-B4E2705DE5BA}.Debug|Mixed Platforms.Build.0 = Debug|x64
		{621278E2-936D-4F67-B2B2-B4E2705DE5BA}.Debug|x64.ActiveCfg = Debug|x64
		{621278E2-936D-4F67-B2B2-B4E2705DE5BA}.Debug|x64.Build.0 = Debug|x64
		{621278E2-936D-4F67-B2B2-B4E2705DE5BA}.Debug|x86.ActiveCfg = Debug|x64
		{621278E2-936D-4F67-B2B2-B4E2705DE5BA}.Debug|x86.Build.0 = Debug|x64
		{621278E2-936D-4F67-B2B2-B4E2705DE5BA}.Release|Any CPU.ActiveCfg = Release|Any CPU
		{621278E2-936D-4F67-B2B2-B4E2705DE5BA}.Release|Any CPU.Build.0 = Release|Any CPU
		{621278E2-936D-4F67-B2B2-B4E2705DE5BA}.Release|Mixed Platforms.ActiveCfg = Release|x64
		{621278E2-936D-4F67-B2B2-B4E2705DE5BA}.Release|Mixed Platforms.Build.0 = Release|x64
		{621278E2-936D-4F67-B2B2-B4E2705DE5BA}.Release|x64.ActiveCfg = Release|x64
		{621278E2-936D-4F67-B2B2-B4E2705DE5BA}.Release|x64.Build.0 = Release|x64
		{621278E2-936D-4F67-B2B2-B4E2705DE5BA}.Release|x86.ActiveCfg = Release|x64
		{621278E2-936D-4F67-B2B2-B4E2705DE5BA}.Release|x86.Build.0 = Release|x64
		{93211B2D-B05D-4B80-8552-E882D2273DC0}.Debug|Any CPU.ActiveCfg = Debug|x86
		{93211B2D-B05D-4B80-8552-E882D2273DC0}.Debug|Any CPU.Build.0 = Debug|x86
		{93211B2D-B05D-4B80-8552-E882D2273DC0}.Debug|Mixed Platforms.ActiveCfg = Debug|x64
		{93211B2D-B05D-4B80-8552-E882D2273DC0}.Debug|Mixed Platforms.Build.0 = Debug|x64
		{93211B2D-B05D-4B80-8552-E882D2273DC0}.Debug|x64.ActiveCfg = Debug|x64
		{93211B2D-B05D-4B80-8552-E882D2273DC0}.Debug|x64.Build.0 = Debug|x64
		{93211B2D-B05D-4B80-8552-E882D2273DC0}.Debug|x86.ActiveCfg = Debug|x64
		{93211B2D-B05D-4B80-8552-E882D2273DC0}.Debug|x86.Build.0 = Debug|x64
		{93211B2D-B05D-4B80-8552-E882D2273DC0}.Release|Any CPU.ActiveCfg = Release|x86
		{93211B2D-B05D-4B80-8552-E882D2273DC0}.Release|Mixed Platforms.ActiveCfg = Release|x64
		{93211B2D-B05D-4B80-8552-E882D2273DC0}.Release|Mixed Platforms.Build.0 = Release|x64
		{93211B2D-B05D-4B80-8552-E882D2273DC0}.Release|x64.ActiveCfg = Release|x64
		{93211B2D-B05D-4B80-8552-E882D2273DC0}.Release|x64.Build.0 = Release|x64
		{93211B2D-B05D-4B80-8552-E882D2273DC0}.Release|x86.ActiveCfg = Release|x64
		{93211B2D-B05D-4B80-8552-E882D2273DC0}.Release|x86.Build.0 = Release|x64
		{A21BE364-49F3-45E4-AF72-E6E2EEBCCA9B}.Debug|Any CPU.ActiveCfg = Debug|Any CPU
		{A21BE364-49F3-45E4-AF72-E6E2EEBCCA9B}.Debug|Any CPU.Build.0 = Debug|Any CPU
		{A21BE364-49F3-45E4-AF72-E6E2EEBCCA9B}.Debug|Mixed Platforms.ActiveCfg = Debug|x64
		{A21BE364-49F3-45E4-AF72-E6E2EEBCCA9B}.Debug|Mixed Platforms.Build.0 = Debug|x64
		{A21BE364-49F3-45E4-AF72-E6E2EEBCCA9B}.Debug|x64.ActiveCfg = Debug|x64
		{A21BE364-49F3-45E4-AF72-E6E2EEBCCA9B}.Debug|x64.Build.0 = Debug|x64
		{A21BE364-49F3-45E4-AF72-E6E2EEBCCA9B}.Debug|x86.ActiveCfg = Debug|x64
		{A21BE364-49F3-45E4-AF72-E6E2EEBCCA9B}.Debug|x86.Build.0 = Debug|x64
		{A21BE364-49F3-45E4-AF72-E6E2EEBCCA9B}.Release|Any CPU.ActiveCfg = Release|Any CPU
		{A21BE364-49F3-45E4-AF72-E6E2EEBCCA9B}.Release|Any CPU.Build.0 = Release|Any CPU
		{A21BE364-49F3-45E4-AF72-E6E2EEBCCA9B}.Release|Mixed Platforms.ActiveCfg = Release|x64
		{A21BE364-49F3-45E4-AF72-E6E2EEBCCA9B}.Release|Mixed Platforms.Build.0 = Release|x64
		{A21BE364-49F3-45E4-AF72-E6E2EEBCCA9B}.Release|x64.ActiveCfg = Release|x64
		{A21BE364-49F3-45E4-AF72-E6E2EEBCCA9B}.Release|x64.Build.0 = Release|x64
		{A21BE364-49F3-45E4-AF72-E6E2EEBCCA9B}.Release|x86.ActiveCfg = Release|x64
		{A21BE364-49F3-45E4-AF72-E6E2EEBCCA9B}.Release|x86.Build.0 = Release|x64
		{A9C8E1DF-6FFC-49DA-BAA5-B615C63A4813}.Debug|Any CPU.ActiveCfg = Debug|Any CPU
		{A9C8E1DF-6FFC-49DA-BAA5-B615C63A4813}.Debug|Any CPU.Build.0 = Debug|Any CPU
		{A9C8E1DF-6FFC-49DA-BAA5-B615C63A4813}.Debug|Mixed Platforms.ActiveCfg = Debug|x64
		{A9C8E1DF-6FFC-49DA-BAA5-B615C63A4813}.Debug|Mixed Platforms.Build.0 = Debug|x64
		{A9C8E1DF-6FFC-49DA-BAA5-B615C63A4813}.Debug|x64.ActiveCfg = Debug|x64
		{A9C8E1DF-6FFC-49DA-BAA5-B615C63A4813}.Debug|x64.Build.0 = Debug|x64
		{A9C8E1DF-6FFC-49DA-BAA5-B615C63A4813}.Debug|x86.ActiveCfg = Debug|x64
		{A9C8E1DF-6FFC-49DA-BAA5-B615C63A4813}.Release|Any CPU.ActiveCfg = Release|Any CPU
		{A9C8E1DF-6FFC-49DA-BAA5-B615C63A4813}.Release|Any CPU.Build.0 = Release|Any CPU
		{A9C8E1DF-6FFC-49DA-BAA5-B615C63A4813}.Release|Mixed Platforms.ActiveCfg = Release|x64
		{A9C8E1DF-6FFC-49DA-BAA5-B615C63A4813}.Release|Mixed Platforms.Build.0 = Release|x64
		{A9C8E1DF-6FFC-49DA-BAA5-B615C63A4813}.Release|x64.ActiveCfg = Release|x64
		{A9C8E1DF-6FFC-49DA-BAA5-B615C63A4813}.Release|x64.Build.0 = Release|x64
		{A9C8E1DF-6FFC-49DA-BAA5-B615C63A4813}.Release|x86.ActiveCfg = Release|x64
		{A9C8E1DF-6FFC-49DA-BAA5-B615C63A4813}.Release|x86.Build.0 = Release|x64
		{10B2BDAF-B87B-43B7-9C76-8037044BC803}.Debug|Any CPU.ActiveCfg = Debug
		{10B2BDAF-B87B-43B7-9C76-8037044BC803}.Debug|Mixed Platforms.ActiveCfg = Debug
		{10B2BDAF-B87B-43B7-9C76-8037044BC803}.Debug|x64.ActiveCfg = Debug
		{10B2BDAF-B87B-43B7-9C76-8037044BC803}.Debug|x86.ActiveCfg = Debug
		{10B2BDAF-B87B-43B7-9C76-8037044BC803}.Release|Any CPU.ActiveCfg = Release
		{10B2BDAF-B87B-43B7-9C76-8037044BC803}.Release|Mixed Platforms.ActiveCfg = Release
		{10B2BDAF-B87B-43B7-9C76-8037044BC803}.Release|x64.ActiveCfg = Release
		{10B2BDAF-B87B-43B7-9C76-8037044BC803}.Release|x86.ActiveCfg = Release
		{6A4E27AA-8D03-4959-A968-6440CDCABF5B}.Debug|Any CPU.ActiveCfg = Debug
		{6A4E27AA-8D03-4959-A968-6440CDCABF5B}.Debug|Any CPU.Build.0 = Debug
		{6A4E27AA-8D03-4959-A968-6440CDCABF5B}.Debug|Mixed Platforms.ActiveCfg = Debug
		{6A4E27AA-8D03-4959-A968-6440CDCABF5B}.Debug|Mixed Platforms.Build.0 = Debug
		{6A4E27AA-8D03-4959-A968-6440CDCABF5B}.Debug|x64.ActiveCfg = Debug
		{6A4E27AA-8D03-4959-A968-6440CDCABF5B}.Debug|x86.ActiveCfg = Debug
		{6A4E27AA-8D03-4959-A968-6440CDCABF5B}.Debug|x86.Build.0 = Debug
		{6A4E27AA-8D03-4959-A968-6440CDCABF5B}.Release|Any CPU.ActiveCfg = Release
		{6A4E27AA-8D03-4959-A968-6440CDCABF5B}.Release|Any CPU.Build.0 = Release
		{6A4E27AA-8D03-4959-A968-6440CDCABF5B}.Release|Mixed Platforms.ActiveCfg = Release
		{6A4E27AA-8D03-4959-A968-6440CDCABF5B}.Release|Mixed Platforms.Build.0 = Release
		{6A4E27AA-8D03-4959-A968-6440CDCABF5B}.Release|x64.ActiveCfg = Release
		{6A4E27AA-8D03-4959-A968-6440CDCABF5B}.Release|x86.ActiveCfg = Release
		{6A4E27AA-8D03-4959-A968-6440CDCABF5B}.Release|x86.Build.0 = Release
	EndGlobalSection
	GlobalSection(SolutionProperties) = preSolution
		HideSolutionNode = FALSE
	EndGlobalSection
EndGlobal
